// !$*UTF8*$!
{
	archiveVersion = 1;
	classes = {
	};
	objectVersion = 46;
	objects = {

/* Begin PBXBuildFile section */
		D700DC6F1CEC860A00EFA2F8 /* PrivacyViewController.swift in Sources */ = {isa = PBXBuildFile; fileRef = D700DC6E1CEC860A00EFA2F8 /* PrivacyViewController.swift */; };
		D700DC711CECC78400EFA2F8 /* WebViewViewController.swift in Sources */ = {isa = PBXBuildFile; fileRef = D700DC701CECC78400EFA2F8 /* WebViewViewController.swift */; };
		D700DC731CECDB3500EFA2F8 /* TOSTableViewController.swift in Sources */ = {isa = PBXBuildFile; fileRef = D700DC721CECDB3500EFA2F8 /* TOSTableViewController.swift */; };
		D722B2AF1CE4B8B50091B700 /* MailboxTableViewCell.swift in Sources */ = {isa = PBXBuildFile; fileRef = D722B2AE1CE4B8B50091B700 /* MailboxTableViewCell.swift */; };
		D722B2B11CE4BA330091B700 /* MailboxViewController.swift in Sources */ = {isa = PBXBuildFile; fileRef = D722B2B01CE4BA330091B700 /* MailboxViewController.swift */; };
		D722B2B51CE4D3150091B700 /* MailboxDetailViewController.swift in Sources */ = {isa = PBXBuildFile; fileRef = D722B2B41CE4D3150091B700 /* MailboxDetailViewController.swift */; };
		D722B2B71CE57F190091B700 /* EditProfileController.swift in Sources */ = {isa = PBXBuildFile; fileRef = D722B2B61CE57F190091B700 /* EditProfileController.swift */; };
		D722B2C31CE5E1650091B700 /* ChangePasswordViewController.swift in Sources */ = {isa = PBXBuildFile; fileRef = D722B2C21CE5E1650091B700 /* ChangePasswordViewController.swift */; };
		D722B2C51CE5E5EF0091B700 /* ResetPasswordViewController.swift in Sources */ = {isa = PBXBuildFile; fileRef = D722B2C41CE5E5EF0091B700 /* ResetPasswordViewController.swift */; };
		D722B2C71CE5EE400091B700 /* SignupViewController.swift in Sources */ = {isa = PBXBuildFile; fileRef = D722B2C61CE5EE400091B700 /* SignupViewController.swift */; };
		D7254CBA1CDE0FCB004FDB4A /* ImagePicker.framework in Frameworks */ = {isa = PBXBuildFile; fileRef = D7254CB91CDE0FCB004FDB4A /* ImagePicker.framework */; };
		D7254CBD1CDE12FF004FDB4A /* ImagePicker.framework in Embed Frameworks */ = {isa = PBXBuildFile; fileRef = D7254CB91CDE0FCB004FDB4A /* ImagePicker.framework */; settings = {ATTRIBUTES = (CodeSignOnCopy, RemoveHeadersOnCopy, ); }; };
		D7254CC41CDE2FDE004FDB4A /* AlamofireImage.framework in Frameworks */ = {isa = PBXBuildFile; fileRef = D7254CC11CDE2FDE004FDB4A /* AlamofireImage.framework */; };
		D7254CC51CDE2FDE004FDB4A /* SwiftyJSON.framework in Frameworks */ = {isa = PBXBuildFile; fileRef = D7254CC21CDE2FDE004FDB4A /* SwiftyJSON.framework */; };
		D7254CC61CDE2FE7004FDB4A /* Alamofire.framework in Frameworks */ = {isa = PBXBuildFile; fileRef = D7254CC01CDE2FDE004FDB4A /* Alamofire.framework */; };
		D7254CC71CDE2FE7004FDB4A /* Alamofire.framework in Embed Frameworks */ = {isa = PBXBuildFile; fileRef = D7254CC01CDE2FDE004FDB4A /* Alamofire.framework */; settings = {ATTRIBUTES = (CodeSignOnCopy, RemoveHeadersOnCopy, ); }; };
		D7254CC91CDE2FE7004FDB4A /* AlamofireImage.framework in Embed Frameworks */ = {isa = PBXBuildFile; fileRef = D7254CC11CDE2FDE004FDB4A /* AlamofireImage.framework */; settings = {ATTRIBUTES = (CodeSignOnCopy, RemoveHeadersOnCopy, ); }; };
		D7254CCB1CDE2FE7004FDB4A /* SwiftyJSON.framework in Embed Frameworks */ = {isa = PBXBuildFile; fileRef = D7254CC21CDE2FDE004FDB4A /* SwiftyJSON.framework */; settings = {ATTRIBUTES = (CodeSignOnCopy, RemoveHeadersOnCopy, ); }; };
		D7254CCE1CE088FD004FDB4A /* KeychainSwift.framework in Frameworks */ = {isa = PBXBuildFile; fileRef = D7254CCC1CE08895004FDB4A /* KeychainSwift.framework */; };
		D7254CCF1CE088FD004FDB4A /* KeychainSwift.framework in Embed Frameworks */ = {isa = PBXBuildFile; fileRef = D7254CCC1CE08895004FDB4A /* KeychainSwift.framework */; settings = {ATTRIBUTES = (CodeSignOnCopy, RemoveHeadersOnCopy, ); }; };
		D7254CD11CE08A5A004FDB4A /* LoginViewController.swift in Sources */ = {isa = PBXBuildFile; fileRef = D7254CD01CE08A5A004FDB4A /* LoginViewController.swift */; };
		D7254CD31CE09945004FDB4A /* User.storyboard in Resources */ = {isa = PBXBuildFile; fileRef = D7254CD21CE09945004FDB4A /* User.storyboard */; };
		D7254CD91CE17437004FDB4A /* Validator.swift in Sources */ = {isa = PBXBuildFile; fileRef = D7254CD81CE17437004FDB4A /* Validator.swift */; };
		D7254CDE1CE1C15D004FDB4A /* SwiftSpinner.framework in Frameworks */ = {isa = PBXBuildFile; fileRef = D7254CDD1CE1C15D004FDB4A /* SwiftSpinner.framework */; };
		D7254CE01CE1C17E004FDB4A /* SwiftSpinner.framework in Embed Frameworks */ = {isa = PBXBuildFile; fileRef = D7254CDD1CE1C15D004FDB4A /* SwiftSpinner.framework */; settings = {ATTRIBUTES = (CodeSignOnCopy, RemoveHeadersOnCopy, ); }; };
		D75106F31CD86D280093E6C7 /* SettingsTableViewController.swift in Sources */ = {isa = PBXBuildFile; fileRef = D75106F21CD86D280093E6C7 /* SettingsTableViewController.swift */; };
		D77321651CD9CD7200E82088 /* NewMessageController.swift in Sources */ = {isa = PBXBuildFile; fileRef = D77321641CD9CD7200E82088 /* NewMessageController.swift */; };
		D79CF3C51CC8D19C00FA89E6 /* AppDelegate.swift in Sources */ = {isa = PBXBuildFile; fileRef = D79CF3C41CC8D19C00FA89E6 /* AppDelegate.swift */; };
		D79CF3C71CC8D19C00FA89E6 /* ViewController.swift in Sources */ = {isa = PBXBuildFile; fileRef = D79CF3C61CC8D19C00FA89E6 /* ViewController.swift */; };
		D79CF3CA1CC8D19C00FA89E6 /* Main.storyboard in Resources */ = {isa = PBXBuildFile; fileRef = D79CF3C81CC8D19C00FA89E6 /* Main.storyboard */; };
		D79CF3CC1CC8D19C00FA89E6 /* Assets.xcassets in Resources */ = {isa = PBXBuildFile; fileRef = D79CF3CB1CC8D19C00FA89E6 /* Assets.xcassets */; };
		D79CF3CF1CC8D19C00FA89E6 /* LaunchScreen.storyboard in Resources */ = {isa = PBXBuildFile; fileRef = D79CF3CD1CC8D19C00FA89E6 /* LaunchScreen.storyboard */; };
		D79CF3DB1CC93B3200FA89E6 /* HistoryTableViewCell.swift in Sources */ = {isa = PBXBuildFile; fileRef = D79CF3DA1CC93B3200FA89E6 /* HistoryTableViewCell.swift */; };
		D7AA4BD71CE1E004008E83A2 /* SearchViewController.swift in Sources */ = {isa = PBXBuildFile; fileRef = D7AA4BD61CE1E004008E83A2 /* SearchViewController.swift */; };
		D7AA4BD91CE1E14D008E83A2 /* SearchTableViewCell.swift in Sources */ = {isa = PBXBuildFile; fileRef = D7AA4BD81CE1E14D008E83A2 /* SearchTableViewCell.swift */; };
		D7AA4BDD1CE32CB7008E83A2 /* PlaceDetailViewController.swift in Sources */ = {isa = PBXBuildFile; fileRef = D7AA4BDC1CE32CB7008E83A2 /* PlaceDetailViewController.swift */; };
		D7E784D31CC9D83D00115E09 /* HistoryTableViewController.swift in Sources */ = {isa = PBXBuildFile; fileRef = D7E784D21CC9D83D00115E09 /* HistoryTableViewController.swift */; };
		D7FA7F391CD23D5C00C1E917 /* Common.swift in Sources */ = {isa = PBXBuildFile; fileRef = D7FA7F381CD23D5C00C1E917 /* Common.swift */; };
/* End PBXBuildFile section */

/* Begin PBXCopyFilesBuildPhase section */
		D77D74A11CCB3DE800C3DDD1 /* Embed Frameworks */ = {
			isa = PBXCopyFilesBuildPhase;
			buildActionMask = 2147483647;
			dstPath = "";
			dstSubfolderSpec = 10;
			files = (
				D7254CCF1CE088FD004FDB4A /* KeychainSwift.framework in Embed Frameworks */,
				D7254CCB1CDE2FE7004FDB4A /* SwiftyJSON.framework in Embed Frameworks */,
				D7254CC91CDE2FE7004FDB4A /* AlamofireImage.framework in Embed Frameworks */,
				D7254CBD1CDE12FF004FDB4A /* ImagePicker.framework in Embed Frameworks */,
				D7254CE01CE1C17E004FDB4A /* SwiftSpinner.framework in Embed Frameworks */,
				D7254CC71CDE2FE7004FDB4A /* Alamofire.framework in Embed Frameworks */,
			);
			name = "Embed Frameworks";
			runOnlyForDeploymentPostprocessing = 0;
		};
/* End PBXCopyFilesBuildPhase section */

/* Begin PBXFileReference section */
		D700DC6E1CEC860A00EFA2F8 /* PrivacyViewController.swift */ = {isa = PBXFileReference; fileEncoding = 4; lastKnownFileType = sourcecode.swift; path = PrivacyViewController.swift; sourceTree = "<group>"; };
		D700DC701CECC78400EFA2F8 /* WebViewViewController.swift */ = {isa = PBXFileReference; fileEncoding = 4; lastKnownFileType = sourcecode.swift; path = WebViewViewController.swift; sourceTree = "<group>"; };
		D700DC721CECDB3500EFA2F8 /* TOSTableViewController.swift */ = {isa = PBXFileReference; fileEncoding = 4; lastKnownFileType = sourcecode.swift; path = TOSTableViewController.swift; sourceTree = "<group>"; };
		D722B2AE1CE4B8B50091B700 /* MailboxTableViewCell.swift */ = {isa = PBXFileReference; fileEncoding = 4; lastKnownFileType = sourcecode.swift; path = MailboxTableViewCell.swift; sourceTree = "<group>"; };
		D722B2B01CE4BA330091B700 /* MailboxViewController.swift */ = {isa = PBXFileReference; fileEncoding = 4; lastKnownFileType = sourcecode.swift; path = MailboxViewController.swift; sourceTree = "<group>"; };
		D722B2B41CE4D3150091B700 /* MailboxDetailViewController.swift */ = {isa = PBXFileReference; fileEncoding = 4; lastKnownFileType = sourcecode.swift; path = MailboxDetailViewController.swift; sourceTree = "<group>"; };
		D722B2B61CE57F190091B700 /* EditProfileController.swift */ = {isa = PBXFileReference; fileEncoding = 4; lastKnownFileType = sourcecode.swift; name = EditProfileController.swift; path = ../EditProfileController.swift; sourceTree = "<group>"; };
		D722B2C21CE5E1650091B700 /* ChangePasswordViewController.swift */ = {isa = PBXFileReference; fileEncoding = 4; lastKnownFileType = sourcecode.swift; path = ChangePasswordViewController.swift; sourceTree = "<group>"; };
		D722B2C41CE5E5EF0091B700 /* ResetPasswordViewController.swift */ = {isa = PBXFileReference; fileEncoding = 4; lastKnownFileType = sourcecode.swift; path = ResetPasswordViewController.swift; sourceTree = "<group>"; };
		D722B2C61CE5EE400091B700 /* SignupViewController.swift */ = {isa = PBXFileReference; fileEncoding = 4; lastKnownFileType = sourcecode.swift; name = SignupViewController.swift; path = ../SignupViewController.swift; sourceTree = "<group>"; };
		D7254CB91CDE0FCB004FDB4A /* ImagePicker.framework */ = {isa = PBXFileReference; lastKnownFileType = wrapper.framework; name = ImagePicker.framework; path = Carthage/Build/iOS/ImagePicker.framework; sourceTree = "<group>"; };
		D7254CC01CDE2FDE004FDB4A /* Alamofire.framework */ = {isa = PBXFileReference; lastKnownFileType = wrapper.framework; name = Alamofire.framework; path = Carthage/Build/iOS/Alamofire.framework; sourceTree = "<group>"; };
		D7254CC11CDE2FDE004FDB4A /* AlamofireImage.framework */ = {isa = PBXFileReference; lastKnownFileType = wrapper.framework; name = AlamofireImage.framework; path = Carthage/Build/iOS/AlamofireImage.framework; sourceTree = "<group>"; };
		D7254CC21CDE2FDE004FDB4A /* SwiftyJSON.framework */ = {isa = PBXFileReference; lastKnownFileType = wrapper.framework; name = SwiftyJSON.framework; path = Carthage/Build/iOS/SwiftyJSON.framework; sourceTree = "<group>"; };
		D7254CCC1CE08895004FDB4A /* KeychainSwift.framework */ = {isa = PBXFileReference; lastKnownFileType = wrapper.framework; name = KeychainSwift.framework; path = Carthage/Build/iOS/KeychainSwift.framework; sourceTree = "<group>"; };
		D7254CD01CE08A5A004FDB4A /* LoginViewController.swift */ = {isa = PBXFileReference; fileEncoding = 4; lastKnownFileType = sourcecode.swift; path = LoginViewController.swift; sourceTree = "<group>"; };
		D7254CD21CE09945004FDB4A /* User.storyboard */ = {isa = PBXFileReference; fileEncoding = 4; lastKnownFileType = file.storyboard; path = User.storyboard; sourceTree = "<group>"; };
		D7254CD81CE17437004FDB4A /* Validator.swift */ = {isa = PBXFileReference; fileEncoding = 4; lastKnownFileType = sourcecode.swift; path = Validator.swift; sourceTree = "<group>"; };
		D7254CDA1CE19C34004FDB4A /* OpenSans-Bold.ttf */ = {isa = PBXFileReference; lastKnownFileType = file; path = "OpenSans-Bold.ttf"; sourceTree = "<group>"; };
		D7254CDB1CE19C34004FDB4A /* OpenSans-Regular.ttf */ = {isa = PBXFileReference; lastKnownFileType = file; path = "OpenSans-Regular.ttf"; sourceTree = "<group>"; };
		D7254CDD1CE1C15D004FDB4A /* SwiftSpinner.framework */ = {isa = PBXFileReference; lastKnownFileType = wrapper.framework; name = SwiftSpinner.framework; path = Carthage/Build/iOS/SwiftSpinner.framework; sourceTree = "<group>"; };
		D75106F21CD86D280093E6C7 /* SettingsTableViewController.swift */ = {isa = PBXFileReference; fileEncoding = 4; lastKnownFileType = sourcecode.swift; name = SettingsTableViewController.swift; path = ../SettingsTableViewController.swift; sourceTree = "<group>"; };
		D77321641CD9CD7200E82088 /* NewMessageController.swift */ = {isa = PBXFileReference; fileEncoding = 4; lastKnownFileType = sourcecode.swift; path = NewMessageController.swift; sourceTree = "<group>"; };
		D79CF3C11CC8D19C00FA89E6 /* Heartboxx.app */ = {isa = PBXFileReference; explicitFileType = wrapper.application; includeInIndex = 0; path = Heartboxx.app; sourceTree = BUILT_PRODUCTS_DIR; };
		D79CF3C41CC8D19C00FA89E6 /* AppDelegate.swift */ = {isa = PBXFileReference; lastKnownFileType = sourcecode.swift; path = AppDelegate.swift; sourceTree = "<group>"; };
		D79CF3C61CC8D19C00FA89E6 /* ViewController.swift */ = {isa = PBXFileReference; lastKnownFileType = sourcecode.swift; path = ViewController.swift; sourceTree = "<group>"; };
		D79CF3C91CC8D19C00FA89E6 /* Base */ = {isa = PBXFileReference; lastKnownFileType = file.storyboard; name = Base; path = Base.lproj/Main.storyboard; sourceTree = "<group>"; };
		D79CF3CB1CC8D19C00FA89E6 /* Assets.xcassets */ = {isa = PBXFileReference; lastKnownFileType = folder.assetcatalog; path = Assets.xcassets; sourceTree = "<group>"; };
		D79CF3CE1CC8D19C00FA89E6 /* Base */ = {isa = PBXFileReference; lastKnownFileType = file.storyboard; name = Base; path = Base.lproj/LaunchScreen.storyboard; sourceTree = "<group>"; };
		D79CF3D01CC8D19C00FA89E6 /* Info.plist */ = {isa = PBXFileReference; lastKnownFileType = text.plist.xml; path = Info.plist; sourceTree = "<group>"; };
		D79CF3DA1CC93B3200FA89E6 /* HistoryTableViewCell.swift */ = {isa = PBXFileReference; fileEncoding = 4; lastKnownFileType = sourcecode.swift; path = HistoryTableViewCell.swift; sourceTree = "<group>"; };
		D7AA4BD61CE1E004008E83A2 /* SearchViewController.swift */ = {isa = PBXFileReference; fileEncoding = 4; lastKnownFileType = sourcecode.swift; name = SearchViewController.swift; path = ../SearchViewController.swift; sourceTree = "<group>"; };
		D7AA4BD81CE1E14D008E83A2 /* SearchTableViewCell.swift */ = {isa = PBXFileReference; fileEncoding = 4; lastKnownFileType = sourcecode.swift; path = SearchTableViewCell.swift; sourceTree = "<group>"; };
		D7AA4BDC1CE32CB7008E83A2 /* PlaceDetailViewController.swift */ = {isa = PBXFileReference; fileEncoding = 4; lastKnownFileType = sourcecode.swift; path = PlaceDetailViewController.swift; sourceTree = "<group>"; };
		D7E784D21CC9D83D00115E09 /* HistoryTableViewController.swift */ = {isa = PBXFileReference; fileEncoding = 4; lastKnownFileType = sourcecode.swift; path = HistoryTableViewController.swift; sourceTree = "<group>"; };
		D7FA7F381CD23D5C00C1E917 /* Common.swift */ = {isa = PBXFileReference; fileEncoding = 4; lastKnownFileType = sourcecode.swift; name = Common.swift; path = Heartboxx/Common.swift; sourceTree = "<group>"; };
/* End PBXFileReference section */

/* Begin PBXFrameworksBuildPhase section */
		D79CF3BE1CC8D19C00FA89E6 /* Frameworks */ = {
			isa = PBXFrameworksBuildPhase;
			buildActionMask = 2147483647;
			files = (
				D7254CCE1CE088FD004FDB4A /* KeychainSwift.framework in Frameworks */,
				D7254CC51CDE2FDE004FDB4A /* SwiftyJSON.framework in Frameworks */,
				D7254CC41CDE2FDE004FDB4A /* AlamofireImage.framework in Frameworks */,
				D7254CBA1CDE0FCB004FDB4A /* ImagePicker.framework in Frameworks */,
				D7254CDE1CE1C15D004FDB4A /* SwiftSpinner.framework in Frameworks */,
				D7254CC61CDE2FE7004FDB4A /* Alamofire.framework in Frameworks */,
			);
			runOnlyForDeploymentPostprocessing = 0;
		};
/* End PBXFrameworksBuildPhase section */

/* Begin PBXGroup section */
		D7254CDC1CE19C3D004FDB4A /* fonts */ = {
			isa = PBXGroup;
			children = (
				D7254CDA1CE19C34004FDB4A /* OpenSans-Bold.ttf */,
				D7254CDB1CE19C34004FDB4A /* OpenSans-Regular.ttf */,
			);
			name = fonts;
			sourceTree = "<group>";
		};
		D79CF3B81CC8D19C00FA89E6 = {
			isa = PBXGroup;
			children = (
				D7BCC7E61CCDEEDE00536CA8 /* Resources */,
				D7E784D61CC9DB2600115E09 /* Includes */,
				D79CF3C31CC8D19C00FA89E6 /* Heartboxx */,
				D79CF3C21CC8D19C00FA89E6 /* Products */,
			);
			sourceTree = "<group>";
		};
		D79CF3C21CC8D19C00FA89E6 /* Products */ = {
			isa = PBXGroup;
			children = (
				D79CF3C11CC8D19C00FA89E6 /* Heartboxx.app */,
			);
			name = Products;
			sourceTree = "<group>";
		};
		D79CF3C31CC8D19C00FA89E6 /* Heartboxx */ = {
			isa = PBXGroup;
			children = (
				D79CF3C41CC8D19C00FA89E6 /* AppDelegate.swift */,
				D79CF3D91CC93ADB00FA89E6 /* Classes */,
				D79CF3D61CC8D20A00FA89E6 /* ViewControllers */,
				D79CF3C81CC8D19C00FA89E6 /* Main.storyboard */,
				D7254CD21CE09945004FDB4A /* User.storyboard */,
				D79CF3CB1CC8D19C00FA89E6 /* Assets.xcassets */,
				D79CF3CD1CC8D19C00FA89E6 /* LaunchScreen.storyboard */,
				D79CF3D01CC8D19C00FA89E6 /* Info.plist */,
			);
			path = Heartboxx;
			sourceTree = "<group>";
		};
		D79CF3D61CC8D20A00FA89E6 /* ViewControllers */ = {
			isa = PBXGroup;
			children = (
				D722B2C21CE5E1650091B700 /* ChangePasswordViewController.swift */,
				D722B2B61CE57F190091B700 /* EditProfileController.swift */,
				D7E784D21CC9D83D00115E09 /* HistoryTableViewController.swift */,
				D7254CD01CE08A5A004FDB4A /* LoginViewController.swift */,
				D722B2B41CE4D3150091B700 /* MailboxDetailViewController.swift */,
				D722B2B01CE4BA330091B700 /* MailboxViewController.swift */,
				D77321641CD9CD7200E82088 /* NewMessageController.swift */,
				D7AA4BDC1CE32CB7008E83A2 /* PlaceDetailViewController.swift */,
				D722B2C41CE5E5EF0091B700 /* ResetPasswordViewController.swift */,
				D7AA4BD61CE1E004008E83A2 /* SearchViewController.swift */,
				D75106F21CD86D280093E6C7 /* SettingsTableViewController.swift */,
				D722B2C61CE5EE400091B700 /* SignupViewController.swift */,
				D700DC6E1CEC860A00EFA2F8 /* PrivacyViewController.swift */,
				D79CF3C61CC8D19C00FA89E6 /* ViewController.swift */,
				D700DC721CECDB3500EFA2F8 /* TOSTableViewController.swift */,
				D700DC701CECC78400EFA2F8 /* WebViewViewController.swift */,
			);
			name = ViewControllers;
			sourceTree = "<group>";
		};
		D79CF3D91CC93ADB00FA89E6 /* Classes */ = {
			isa = PBXGroup;
			children = (
				D79CF3DA1CC93B3200FA89E6 /* HistoryTableViewCell.swift */,
				D722B2AE1CE4B8B50091B700 /* MailboxTableViewCell.swift */,
				D7AA4BD81CE1E14D008E83A2 /* SearchTableViewCell.swift */,
			);
			name = Classes;
			sourceTree = "<group>";
		};
		D7BCC7E61CCDEEDE00536CA8 /* Resources */ = {
			isa = PBXGroup;
			children = (
				D7254CDD1CE1C15D004FDB4A /* SwiftSpinner.framework */,
				D7254CDC1CE19C3D004FDB4A /* fonts */,
				D7254CCC1CE08895004FDB4A /* KeychainSwift.framework */,
				D7254CC01CDE2FDE004FDB4A /* Alamofire.framework */,
				D7254CC11CDE2FDE004FDB4A /* AlamofireImage.framework */,
				D7254CC21CDE2FDE004FDB4A /* SwiftyJSON.framework */,
				D7254CB91CDE0FCB004FDB4A /* ImagePicker.framework */,
			);
			name = Resources;
			sourceTree = "<group>";
		};
		D7E784D61CC9DB2600115E09 /* Includes */ = {
			isa = PBXGroup;
			children = (
				D7FA7F381CD23D5C00C1E917 /* Common.swift */,
				D7254CD81CE17437004FDB4A /* Validator.swift */,
			);
			name = Includes;
			sourceTree = "<group>";
		};
/* End PBXGroup section */

/* Begin PBXNativeTarget section */
		D79CF3C01CC8D19C00FA89E6 /* Heartboxx */ = {
			isa = PBXNativeTarget;
			buildConfigurationList = D79CF3D31CC8D19C00FA89E6 /* Build configuration list for PBXNativeTarget "Heartboxx" */;
			buildPhases = (
				D79CF3BD1CC8D19C00FA89E6 /* Sources */,
				D79CF3BE1CC8D19C00FA89E6 /* Frameworks */,
				D79CF3BF1CC8D19C00FA89E6 /* Resources */,
				D77D74A11CCB3DE800C3DDD1 /* Embed Frameworks */,
			);
			buildRules = (
			);
			dependencies = (
			);
			name = Heartboxx;
			productName = Heartboxx;
			productReference = D79CF3C11CC8D19C00FA89E6 /* Heartboxx.app */;
			productType = "com.apple.product-type.application";
		};
/* End PBXNativeTarget section */

/* Begin PBXProject section */
		D79CF3B91CC8D19C00FA89E6 /* Project object */ = {
			isa = PBXProject;
			attributes = {
				LastSwiftUpdateCheck = 0720;
				LastUpgradeCheck = 0720;
				ORGANIZATIONNAME = heartboxx;
				TargetAttributes = {
					D79CF3C01CC8D19C00FA89E6 = {
						CreatedOnToolsVersion = 7.2.1;
						DevelopmentTeam = 9G58H587ZP;
						SystemCapabilities = {
							com.apple.BackgroundModes = {
								enabled = 1;
							};
							com.apple.Push = {
								enabled = 1;
							};
						};
					};
				};
			};
			buildConfigurationList = D79CF3BC1CC8D19C00FA89E6 /* Build configuration list for PBXProject "Heartboxx" */;
			compatibilityVersion = "Xcode 3.2";
			developmentRegion = English;
			hasScannedForEncodings = 0;
			knownRegions = (
				en,
				Base,
			);
			mainGroup = D79CF3B81CC8D19C00FA89E6;
			productRefGroup = D79CF3C21CC8D19C00FA89E6 /* Products */;
			projectDirPath = "";
			projectRoot = "";
			targets = (
				D79CF3C01CC8D19C00FA89E6 /* Heartboxx */,
			);
		};
/* End PBXProject section */

/* Begin PBXResourcesBuildPhase section */
		D79CF3BF1CC8D19C00FA89E6 /* Resources */ = {
			isa = PBXResourcesBuildPhase;
			buildActionMask = 2147483647;
			files = (
				D7254CD31CE09945004FDB4A /* User.storyboard in Resources */,
				D79CF3CF1CC8D19C00FA89E6 /* LaunchScreen.storyboard in Resources */,
				D79CF3CC1CC8D19C00FA89E6 /* Assets.xcassets in Resources */,
				D79CF3CA1CC8D19C00FA89E6 /* Main.storyboard in Resources */,
			);
			runOnlyForDeploymentPostprocessing = 0;
		};
/* End PBXResourcesBuildPhase section */

/* Begin PBXSourcesBuildPhase section */
		D79CF3BD1CC8D19C00FA89E6 /* Sources */ = {
			isa = PBXSourcesBuildPhase;
			buildActionMask = 2147483647;
			files = (
				D700DC731CECDB3500EFA2F8 /* TOSTableViewController.swift in Sources */,
				D7AA4BDD1CE32CB7008E83A2 /* PlaceDetailViewController.swift in Sources */,
				D722B2B71CE57F190091B700 /* EditProfileController.swift in Sources */,
				D722B2C71CE5EE400091B700 /* SignupViewController.swift in Sources */,
				D77321651CD9CD7200E82088 /* NewMessageController.swift in Sources */,
				D722B2C31CE5E1650091B700 /* ChangePasswordViewController.swift in Sources */,
				D7AA4BD71CE1E004008E83A2 /* SearchViewController.swift in Sources */,
				D7E784D31CC9D83D00115E09 /* HistoryTableViewController.swift in Sources */,
				D700DC711CECC78400EFA2F8 /* WebViewViewController.swift in Sources */,
				D700DC6F1CEC860A00EFA2F8 /* PrivacyViewController.swift in Sources */,
				D7254CD91CE17437004FDB4A /* Validator.swift in Sources */,
				D722B2B11CE4BA330091B700 /* MailboxViewController.swift in Sources */,
				D79CF3DB1CC93B3200FA89E6 /* HistoryTableViewCell.swift in Sources */,
				D722B2AF1CE4B8B50091B700 /* MailboxTableViewCell.swift in Sources */,
				D79CF3C71CC8D19C00FA89E6 /* ViewController.swift in Sources */,
				D79CF3C51CC8D19C00FA89E6 /* AppDelegate.swift in Sources */,
				D722B2C51CE5E5EF0091B700 /* ResetPasswordViewController.swift in Sources */,
				D7FA7F391CD23D5C00C1E917 /* Common.swift in Sources */,
				D75106F31CD86D280093E6C7 /* SettingsTableViewController.swift in Sources */,
				D7AA4BD91CE1E14D008E83A2 /* SearchTableViewCell.swift in Sources */,
				D7254CD11CE08A5A004FDB4A /* LoginViewController.swift in Sources */,
				D722B2B51CE4D3150091B700 /* MailboxDetailViewController.swift in Sources */,
			);
			runOnlyForDeploymentPostprocessing = 0;
		};
/* End PBXSourcesBuildPhase section */

/* Begin PBXVariantGroup section */
		D79CF3C81CC8D19C00FA89E6 /* Main.storyboard */ = {
			isa = PBXVariantGroup;
			children = (
				D79CF3C91CC8D19C00FA89E6 /* Base */,
			);
			name = Main.storyboard;
			sourceTree = "<group>";
		};
		D79CF3CD1CC8D19C00FA89E6 /* LaunchScreen.storyboard */ = {
			isa = PBXVariantGroup;
			children = (
				D79CF3CE1CC8D19C00FA89E6 /* Base */,
			);
			name = LaunchScreen.storyboard;
			sourceTree = "<group>";
		};
/* End PBXVariantGroup section */

/* Begin XCBuildConfiguration section */
		D79CF3D11CC8D19C00FA89E6 /* Debug */ = {
			isa = XCBuildConfiguration;
			buildSettings = {
				ALWAYS_SEARCH_USER_PATHS = NO;
				CLANG_CXX_LANGUAGE_STANDARD = "gnu++0x";
				CLANG_CXX_LIBRARY = "libc++";
				CLANG_ENABLE_MODULES = YES;
				CLANG_ENABLE_OBJC_ARC = YES;
				CLANG_WARN_BOOL_CONVERSION = YES;
				CLANG_WARN_CONSTANT_CONVERSION = YES;
				CLANG_WARN_DIRECT_OBJC_ISA_USAGE = YES_ERROR;
				CLANG_WARN_EMPTY_BODY = YES;
				CLANG_WARN_ENUM_CONVERSION = YES;
				CLANG_WARN_INT_CONVERSION = YES;
				CLANG_WARN_OBJC_ROOT_CLASS = YES_ERROR;
				CLANG_WARN_UNREACHABLE_CODE = YES;
				CLANG_WARN__DUPLICATE_METHOD_MATCH = YES;
				"CODE_SIGN_IDENTITY[sdk=iphoneos*]" = "iPhone Developer";
				COPY_PHASE_STRIP = NO;
				DEBUG_INFORMATION_FORMAT = dwarf;
				ENABLE_STRICT_OBJC_MSGSEND = YES;
				ENABLE_TESTABILITY = YES;
				GCC_C_LANGUAGE_STANDARD = gnu99;
				GCC_DYNAMIC_NO_PIC = NO;
				GCC_NO_COMMON_BLOCKS = YES;
				GCC_OPTIMIZATION_LEVEL = 0;
				GCC_PREPROCESSOR_DEFINITIONS = (
					"DEBUG=1",
					"$(inherited)",
				);
				GCC_WARN_64_TO_32_BIT_CONVERSION = YES;
				GCC_WARN_ABOUT_RETURN_TYPE = YES_ERROR;
				GCC_WARN_UNDECLARED_SELECTOR = YES;
				GCC_WARN_UNINITIALIZED_AUTOS = YES_AGGRESSIVE;
				GCC_WARN_UNUSED_FUNCTION = YES;
				GCC_WARN_UNUSED_VARIABLE = YES;
				IPHONEOS_DEPLOYMENT_TARGET = 9.2;
				MTL_ENABLE_DEBUG_INFO = YES;
				ONLY_ACTIVE_ARCH = YES;
				SDKROOT = iphoneos;
				SWIFT_OPTIMIZATION_LEVEL = "-Onone";
				TARGETED_DEVICE_FAMILY = "1,2";
			};
			name = Debug;
		};
		D79CF3D21CC8D19C00FA89E6 /* Release */ = {
			isa = XCBuildConfiguration;
			buildSettings = {
				ALWAYS_SEARCH_USER_PATHS = NO;
				CLANG_CXX_LANGUAGE_STANDARD = "gnu++0x";
				CLANG_CXX_LIBRARY = "libc++";
				CLANG_ENABLE_MODULES = YES;
				CLANG_ENABLE_OBJC_ARC = YES;
				CLANG_WARN_BOOL_CONVERSION = YES;
				CLANG_WARN_CONSTANT_CONVERSION = YES;
				CLANG_WARN_DIRECT_OBJC_ISA_USAGE = YES_ERROR;
				CLANG_WARN_EMPTY_BODY = YES;
				CLANG_WARN_ENUM_CONVERSION = YES;
				CLANG_WARN_INT_CONVERSION = YES;
				CLANG_WARN_OBJC_ROOT_CLASS = YES_ERROR;
				CLANG_WARN_UNREACHABLE_CODE = YES;
				CLANG_WARN__DUPLICATE_METHOD_MATCH = YES;
				"CODE_SIGN_IDENTITY[sdk=iphoneos*]" = "iPhone Developer";
				COPY_PHASE_STRIP = NO;
				DEBUG_INFORMATION_FORMAT = "dwarf-with-dsym";
				ENABLE_NS_ASSERTIONS = NO;
				ENABLE_STRICT_OBJC_MSGSEND = YES;
				GCC_C_LANGUAGE_STANDARD = gnu99;
				GCC_NO_COMMON_BLOCKS = YES;
				GCC_WARN_64_TO_32_BIT_CONVERSION = YES;
				GCC_WARN_ABOUT_RETURN_TYPE = YES_ERROR;
				GCC_WARN_UNDECLARED_SELECTOR = YES;
				GCC_WARN_UNINITIALIZED_AUTOS = YES_AGGRESSIVE;
				GCC_WARN_UNUSED_FUNCTION = YES;
				GCC_WARN_UNUSED_VARIABLE = YES;
				IPHONEOS_DEPLOYMENT_TARGET = 9.2;
				MTL_ENABLE_DEBUG_INFO = NO;
				SDKROOT = iphoneos;
				TARGETED_DEVICE_FAMILY = "1,2";
				VALIDATE_PRODUCT = YES;
			};
			name = Release;
		};
		D79CF3D41CC8D19C00FA89E6 /* Debug */ = {
			isa = XCBuildConfiguration;
			buildSettings = {
				ASSETCATALOG_COMPILER_APPICON_NAME = AppIcon;
				CODE_SIGN_IDENTITY = "iPhone Developer";
				"CODE_SIGN_IDENTITY[sdk=iphoneos*]" = "iPhone Developer";
				FRAMEWORK_SEARCH_PATHS = (
					"$(inherited)",
					"$(PROJECT_DIR)/Carthage/Build/iOS",
				);
				INFOPLIST_FILE = Heartboxx/Info.plist;
				IPHONEOS_DEPLOYMENT_TARGET = 9.3;
				LD_RUNPATH_SEARCH_PATHS = "$(inherited) @executable_path/Frameworks";
				PRODUCT_BUNDLE_IDENTIFIER = com.Heartboxx.www;
				PRODUCT_NAME = "$(TARGET_NAME)";
				PROVISIONING_PROFILE = "";
			};
			name = Debug;
		};
		D79CF3D51CC8D19C00FA89E6 /* Release */ = {
			isa = XCBuildConfiguration;
			buildSettings = {
				ASSETCATALOG_COMPILER_APPICON_NAME = AppIcon;
				CODE_SIGN_IDENTITY = "iPhone Developer";
				"CODE_SIGN_IDENTITY[sdk=iphoneos*]" = "iPhone Developer";
				FRAMEWORK_SEARCH_PATHS = (
					"$(inherited)",
					"$(PROJECT_DIR)/Carthage/Build/iOS",
				);
				INFOPLIST_FILE = Heartboxx/Info.plist;
				IPHONEOS_DEPLOYMENT_TARGET = 9.3;
				LD_RUNPATH_SEARCH_PATHS = "$(inherited) @executable_path/Frameworks";
				PRODUCT_BUNDLE_IDENTIFIER = com.Heartboxx.www;
				PRODUCT_NAME = "$(TARGET_NAME)";
				PROVISIONING_PROFILE = "";
			};
			name = Release;
		};
/* End XCBuildConfiguration section */

/* Begin XCConfigurationList section */
		D79CF3BC1CC8D19C00FA89E6 /* Build configuration list for PBXProject "Heartboxx" */ = {
			isa = XCConfigurationList;
			buildConfigurations = (
				D79CF3D11CC8D19C00FA89E6 /* Debug */,
				D79CF3D21CC8D19C00FA89E6 /* Release */,
			);
			defaultConfigurationIsVisible = 0;
			defaultConfigurationName = Release;
		};
		D79CF3D31CC8D19C00FA89E6 /* Build configuration list for PBXNativeTarget "Heartboxx" */ = {
			isa = XCConfigurationList;
			buildConfigurations = (
				D79CF3D41CC8D19C00FA89E6 /* Debug */,
				D79CF3D51CC8D19C00FA89E6 /* Release */,
			);
			defaultConfigurationIsVisible = 0;
			defaultConfigurationName = Release;
		};
/* End XCConfigurationList section */
	};
	rootObject = D79CF3B91CC8D19C00FA89E6 /* Project object */;
}
